// !$*UTF8*$!
{
	archiveVersion = 1;
	classes = {
	};
	objectVersion = 50;
	objects = {

/* Begin PBXBuildFile section */
		DF16077A23187147005ED710 /* AppDelegate.swift in Sources */ = {isa = PBXBuildFile; fileRef = DF16077923187147005ED710 /* AppDelegate.swift */; };
		DF16077C23187147005ED710 /* ViewController.swift in Sources */ = {isa = PBXBuildFile; fileRef = DF16077B23187147005ED710 /* ViewController.swift */; };
		DF16077F23187147005ED710 /* Main.storyboard in Resources */ = {isa = PBXBuildFile; fileRef = DF16077D23187147005ED710 /* Main.storyboard */; };
		DF16078123187148005ED710 /* Assets.xcassets in Resources */ = {isa = PBXBuildFile; fileRef = DF16078023187148005ED710 /* Assets.xcassets */; };
		DF16078423187148005ED710 /* LaunchScreen.storyboard in Resources */ = {isa = PBXBuildFile; fileRef = DF16078223187148005ED710 /* LaunchScreen.storyboard */; };
		DF16078F23187148005ED710 /* UnitTestingLabTests.swift in Sources */ = {isa = PBXBuildFile; fileRef = DF16078E23187148005ED710 /* UnitTestingLabTests.swift */; };
		DF16079D23187215005ED710 /* joke.json in Resources */ = {isa = PBXBuildFile; fileRef = DF16079C23187215005ED710 /* joke.json */; };
		DF16079E23187215005ED710 /* joke.json in Resources */ = {isa = PBXBuildFile; fileRef = DF16079C23187215005ED710 /* joke.json */; };
		DF1607A023187258005ED710 /* Joke.swift in Sources */ = {isa = PBXBuildFile; fileRef = DF16079F23187258005ED710 /* Joke.swift */; };
		DF1607A123187258005ED710 /* Joke.swift in Sources */ = {isa = PBXBuildFile; fileRef = DF16079F23187258005ED710 /* Joke.swift */; };
/* End PBXBuildFile section */

/* Begin PBXContainerItemProxy section */
		DF16078B23187148005ED710 /* PBXContainerItemProxy */ = {
			isa = PBXContainerItemProxy;
			containerPortal = DF16076E23187147005ED710 /* Project object */;
			proxyType = 1;
			remoteGlobalIDString = DF16077523187147005ED710;
			remoteInfo = UnitTestingLab;
		};
/* End PBXContainerItemProxy section */

/* Begin PBXFileReference section */
		DF16077623187147005ED710 /* UnitTestingLab.app */ = {isa = PBXFileReference; explicitFileType = wrapper.application; includeInIndex = 0; path = UnitTestingLab.app; sourceTree = BUILT_PRODUCTS_DIR; };
		DF16077923187147005ED710 /* AppDelegate.swift */ = {isa = PBXFileReference; lastKnownFileType = sourcecode.swift; path = AppDelegate.swift; sourceTree = "<group>"; };
		DF16077B23187147005ED710 /* ViewController.swift */ = {isa = PBXFileReference; lastKnownFileType = sourcecode.swift; path = ViewController.swift; sourceTree = "<group>"; };
		DF16077E23187147005ED710 /* Base */ = {isa = PBXFileReference; lastKnownFileType = file.storyboard; name = Base; path = Base.lproj/Main.storyboard; sourceTree = "<group>"; };
		DF16078023187148005ED710 /* Assets.xcassets */ = {isa = PBXFileReference; lastKnownFileType = folder.assetcatalog; path = Assets.xcassets; sourceTree = "<group>"; };
		DF16078323187148005ED710 /* Base */ = {isa = PBXFileReference; lastKnownFileType = file.storyboard; name = Base; path = Base.lproj/LaunchScreen.storyboard; sourceTree = "<group>"; };
		DF16078523187148005ED710 /* Info.plist */ = {isa = PBXFileReference; lastKnownFileType = text.plist.xml; path = Info.plist; sourceTree = "<group>"; };
		DF16078A23187148005ED710 /* UnitTestingLabTests.xctest */ = {isa = PBXFileReference; explicitFileType = wrapper.cfbundle; includeInIndex = 0; path = UnitTestingLabTests.xctest; sourceTree = BUILT_PRODUCTS_DIR; };
		DF16078E23187148005ED710 /* UnitTestingLabTests.swift */ = {isa = PBXFileReference; lastKnownFileType = sourcecode.swift; path = UnitTestingLabTests.swift; sourceTree = "<group>"; };
		DF16079023187148005ED710 /* Info.plist */ = {isa = PBXFileReference; lastKnownFileType = text.plist.xml; path = Info.plist; sourceTree = "<group>"; };
		DF16079C23187215005ED710 /* joke.json */ = {isa = PBXFileReference; lastKnownFileType = text.json; path = joke.json; sourceTree = "<group>"; };
		DF16079F23187258005ED710 /* Joke.swift */ = {isa = PBXFileReference; lastKnownFileType = sourcecode.swift; path = Joke.swift; sourceTree = "<group>"; };
/* End PBXFileReference section */

/* Begin PBXFrameworksBuildPhase section */
		DF16077323187147005ED710 /* Frameworks */ = {
			isa = PBXFrameworksBuildPhase;
			buildActionMask = 2147483647;
			files = (
			);
			runOnlyForDeploymentPostprocessing = 0;
		};
		DF16078723187148005ED710 /* Frameworks */ = {
			isa = PBXFrameworksBuildPhase;
			buildActionMask = 2147483647;
			files = (
			);
			runOnlyForDeploymentPostprocessing = 0;
		};
/* End PBXFrameworksBuildPhase section */

/* Begin PBXGroup section */
		DF16076D23187147005ED710 = {
			isa = PBXGroup;
			children = (
				DF16077823187147005ED710 /* UnitTestingLab */,
				DF16078D23187148005ED710 /* UnitTestingLabTests */,
				DF16077723187147005ED710 /* Products */,
			);
			sourceTree = "<group>";
		};
		DF16077723187147005ED710 /* Products */ = {
			isa = PBXGroup;
			children = (
				DF16077623187147005ED710 /* UnitTestingLab.app */,
				DF16078A23187148005ED710 /* UnitTestingLabTests.xctest */,
			);
			name = Products;
			sourceTree = "<group>";
		};
		DF16077823187147005ED710 /* UnitTestingLab */ = {
			isa = PBXGroup;
			children = (
				DF16077923187147005ED710 /* AppDelegate.swift */,
				DF16079C23187215005ED710 /* joke.json */,
				DF16079F23187258005ED710 /* Joke.swift */,
				DF16077B23187147005ED710 /* ViewController.swift */,
				DF16077D23187147005ED710 /* Main.storyboard */,
				DF16078023187148005ED710 /* Assets.xcassets */,
				DF16078223187148005ED710 /* LaunchScreen.storyboard */,
				DF16078523187148005ED710 /* Info.plist */,
			);
			path = UnitTestingLab;
			sourceTree = "<group>";
		};
		DF16078D23187148005ED710 /* UnitTestingLabTests */ = {
			isa = PBXGroup;
			children = (
				DF16078E23187148005ED710 /* UnitTestingLabTests.swift */,
				DF16079023187148005ED710 /* Info.plist */,
			);
			path = UnitTestingLabTests;
			sourceTree = "<group>";
		};
/* End PBXGroup section */

/* Begin PBXNativeTarget section */
		DF16077523187147005ED710 /* UnitTestingLab */ = {
			isa = PBXNativeTarget;
			buildConfigurationList = DF16079323187148005ED710 /* Build configuration list for PBXNativeTarget "UnitTestingLab" */;
			buildPhases = (
				DF16077223187147005ED710 /* Sources */,
				DF16077323187147005ED710 /* Frameworks */,
				DF16077423187147005ED710 /* Resources */,
			);
			buildRules = (
			);
			dependencies = (
			);
			name = UnitTestingLab;
			productName = UnitTestingLab;
			productReference = DF16077623187147005ED710 /* UnitTestingLab.app */;
			productType = "com.apple.product-type.application";
		};
		DF16078923187148005ED710 /* UnitTestingLabTests */ = {
			isa = PBXNativeTarget;
			buildConfigurationList = DF16079623187148005ED710 /* Build configuration list for PBXNativeTarget "UnitTestingLabTests" */;
			buildPhases = (
				DF16078623187148005ED710 /* Sources */,
				DF16078723187148005ED710 /* Frameworks */,
				DF16078823187148005ED710 /* Resources */,
			);
			buildRules = (
			);
			dependencies = (
				DF16078C23187148005ED710 /* PBXTargetDependency */,
			);
			name = UnitTestingLabTests;
			productName = UnitTestingLabTests;
			productReference = DF16078A23187148005ED710 /* UnitTestingLabTests.xctest */;
			productType = "com.apple.product-type.bundle.unit-test";
		};
/* End PBXNativeTarget section */

/* Begin PBXProject section */
		DF16076E23187147005ED710 /* Project object */ = {
			isa = PBXProject;
			attributes = {
				LastSwiftUpdateCheck = 1030;
				LastUpgradeCheck = 1030;
				ORGANIZATIONNAME = "Eric Widjaja";
				TargetAttributes = {
					DF16077523187147005ED710 = {
						CreatedOnToolsVersion = 10.3;
					};
					DF16078923187148005ED710 = {
						CreatedOnToolsVersion = 10.3;
						TestTargetID = DF16077523187147005ED710;
					};
				};
			};
			buildConfigurationList = DF16077123187147005ED710 /* Build configuration list for PBXProject "UnitTestingLab" */;
			compatibilityVersion = "Xcode 9.3";
			developmentRegion = en;
			hasScannedForEncodings = 0;
			knownRegions = (
				en,
				Base,
			);
			mainGroup = DF16076D23187147005ED710;
			productRefGroup = DF16077723187147005ED710 /* Products */;
			projectDirPath = "";
			projectRoot = "";
			targets = (
				DF16077523187147005ED710 /* UnitTestingLab */,
				DF16078923187148005ED710 /* UnitTestingLabTests */,
			);
		};
/* End PBXProject section */

/* Begin PBXResourcesBuildPhase section */
		DF16077423187147005ED710 /* Resources */ = {
			isa = PBXResourcesBuildPhase;
			buildActionMask = 2147483647;
			files = (
				DF16078423187148005ED710 /* LaunchScreen.storyboard in Resources */,
				DF16078123187148005ED710 /* Assets.xcassets in Resources */,
				DF16079D23187215005ED710 /* joke.json in Resources */,
				DF16077F23187147005ED710 /* Main.storyboard in Resources */,
			);
			runOnlyForDeploymentPostprocessing = 0;
		};
		DF16078823187148005ED710 /* Resources */ = {
			isa = PBXResourcesBuildPhase;
			buildActionMask = 2147483647;
			files = (
				DF16079E23187215005ED710 /* joke.json in Resources */,
			);
			runOnlyForDeploymentPostprocessing = 0;
		};
/* End PBXResourcesBuildPhase section */

/* Begin PBXSourcesBuildPhase section */
		DF16077223187147005ED710 /* Sources */ = {
			isa = PBXSourcesBuildPhase;
			buildActionMask = 2147483647;
			files = (
				DF16077C23187147005ED710 /* ViewController.swift in Sources */,
				DF16077A23187147005ED710 /* AppDelegate.swift in Sources */,
				DF1607A023187258005ED710 /* Joke.swift in Sources */,
			);
			runOnlyForDeploymentPostprocessing = 0;
		};
		DF16078623187148005ED710 /* Sources */ = {
			isa = PBXSourcesBuildPhase;
			buildActionMask = 2147483647;
			files = (
				DF1607A123187258005ED710 /* Joke.swift in Sources */,
				DF16078F23187148005ED710 /* UnitTestingLabTests.swift in Sources */,
			);
			runOnlyForDeploymentPostprocessing = 0;
		};
/* End PBXSourcesBuildPhase section */

/* Begin PBXTargetDependency section */
		DF16078C23187148005ED710 /* PBXTargetDependency */ = {
			isa = PBXTargetDependency;
			target = DF16077523187147005ED710 /* UnitTestingLab */;
			targetProxy = DF16078B23187148005ED710 /* PBXContainerItemProxy */;
		};
/* End PBXTargetDependency section */

/* Begin PBXVariantGroup section */
		DF16077D23187147005ED710 /* Main.storyboard */ = {
			isa = PBXVariantGroup;
			children = (
				DF16077E23187147005ED710 /* Base */,
			);
			name = Main.storyboard;
			sourceTree = "<group>";
		};
		DF16078223187148005ED710 /* LaunchScreen.storyboard */ = {
			isa = PBXVariantGroup;
			children = (
				DF16078323187148005ED710 /* Base */,
			);
			name = LaunchScreen.storyboard;
			sourceTree = "<group>";
		};
/* End PBXVariantGroup section */

/* Begin XCBuildConfiguration section */
		DF16079123187148005ED710 /* Debug */ = {
			isa = XCBuildConfiguration;
			buildSettings = {
				ALWAYS_SEARCH_USER_PATHS = NO;
				CLANG_ANALYZER_NONNULL = YES;
				CLANG_ANALYZER_NUMBER_OBJECT_CONVERSION = YES_AGGRESSIVE;
				CLANG_CXX_LANGUAGE_STANDARD = "gnu++14";
				CLANG_CXX_LIBRARY = "libc++";
				CLANG_ENABLE_MODULES = YES;
				CLANG_ENABLE_OBJC_ARC = YES;
				CLANG_ENABLE_OBJC_WEAK = YES;
				CLANG_WARN_BLOCK_CAPTURE_AUTORELEASING = YES;
				CLANG_WARN_BOOL_CONVERSION = YES;
				CLANG_WARN_COMMA = YES;
				CLANG_WARN_CONSTANT_CONVERSION = YES;
				CLANG_WARN_DEPRECATED_OBJC_IMPLEMENTATIONS = YES;
				CLANG_WARN_DIRECT_OBJC_ISA_USAGE = YES_ERROR;
				CLANG_WARN_DOCUMENTATION_COMMENTS = YES;
				CLANG_WARN_EMPTY_BODY = YES;
				CLANG_WARN_ENUM_CONVERSION = YES;
				CLANG_WARN_INFINITE_RECURSION = YES;
				CLANG_WARN_INT_CONVERSION = YES;
				CLANG_WARN_NON_LITERAL_NULL_CONVERSION = YES;
				CLANG_WARN_OBJC_IMPLICIT_RETAIN_SELF = YES;
				CLANG_WARN_OBJC_LITERAL_CONVERSION = YES;
				CLANG_WARN_OBJC_ROOT_CLASS = YES_ERROR;
				CLANG_WARN_RANGE_LOOP_ANALYSIS = YES;
				CLANG_WARN_STRICT_PROTOTYPES = YES;
				CLANG_WARN_SUSPICIOUS_MOVE = YES;
				CLANG_WARN_UNGUARDED_AVAILABILITY = YES_AGGRESSIVE;
				CLANG_WARN_UNREACHABLE_CODE = YES;
				CLANG_WARN__DUPLICATE_METHOD_MATCH = YES;
				CODE_SIGN_IDENTITY = "iPhone Developer";
				COPY_PHASE_STRIP = NO;
				DEBUG_INFORMATION_FORMAT = dwarf;
				ENABLE_STRICT_OBJC_MSGSEND = YES;
				ENABLE_TESTABILITY = YES;
				GCC_C_LANGUAGE_STANDARD = gnu11;
				GCC_DYNAMIC_NO_PIC = NO;
				GCC_NO_COMMON_BLOCKS = YES;
				GCC_OPTIMIZATION_LEVEL = 0;
				GCC_PREPROCESSOR_DEFINITIONS = (
					"DEBUG=1",
					"$(inherited)",
				);
				GCC_WARN_64_TO_32_BIT_CONVERSION = YES;
				GCC_WARN_ABOUT_RETURN_TYPE = YES_ERROR;
				GCC_WARN_UNDECLARED_SELECTOR = YES;
				GCC_WARN_UNINITIALIZED_AUTOS = YES_AGGRESSIVE;
				GCC_WARN_UNUSED_FUNCTION = YES;
				GCC_WARN_UNUSED_VARIABLE = YES;
				IPHONEOS_DEPLOYMENT_TARGET = 12.4;
				MTL_ENABLE_DEBUG_INFO = INCLUDE_SOURCE;
				MTL_FAST_MATH = YES;
				ONLY_ACTIVE_ARCH = YES;
				SDKROOT = iphoneos;
				SWIFT_ACTIVE_COMPILATION_CONDITIONS = DEBUG;
				SWIFT_OPTIMIZATION_LEVEL = "-Onone";
			};
			name = Debug;
		};
		DF16079223187148005ED710 /* Release */ = {
			isa = XCBuildConfiguration;
			buildSettings = {
				ALWAYS_SEARCH_USER_PATHS = NO;
				CLANG_ANALYZER_NONNULL = YES;
				CLANG_ANALYZER_NUMBER_OBJECT_CONVERSION = YES_AGGRESSIVE;
				CLANG_CXX_LANGUAGE_STANDARD = "gnu++14";
				CLANG_CXX_LIBRARY = "libc++";
				CLANG_ENABLE_MODULES = YES;
				CLANG_ENABLE_OBJC_ARC = YES;
				CLANG_ENABLE_OBJC_WEAK = YES;
				CLANG_WARN_BLOCK_CAPTURE_AUTORELEASING = YES;
				CLANG_WARN_BOOL_CONVERSION = YES;
				CLANG_WARN_COMMA = YES;
				CLANG_WARN_CONSTANT_CONVERSION = YES;
				CLANG_WARN_DEPRECATED_OBJC_IMPLEMENTATIONS = YES;
				CLANG_WARN_DIRECT_OBJC_ISA_USAGE = YES_ERROR;
				CLANG_WARN_DOCUMENTATION_COMMENTS = YES;
				CLANG_WARN_EMPTY_BODY = YES;
				CLANG_WARN_ENUM_CONVERSION = YES;
				CLANG_WARN_INFINITE_RECURSION = YES;
				CLANG_WARN_INT_CONVERSION = YES;
				CLANG_WARN_NON_LITERAL_NULL_CONVERSION = YES;
				CLANG_WARN_OBJC_IMPLICIT_RETAIN_SELF = YES;
				CLANG_WARN_OBJC_LITERAL_CONVERSION = YES;
				CLANG_WARN_OBJC_ROOT_CLASS = YES_ERROR;
				CLANG_WARN_RANGE_LOOP_ANALYSIS = YES;
				CLANG_WARN_STRICT_PROTOTYPES = YES;
				CLANG_WARN_SUSPICIOUS_MOVE = YES;
				CLANG_WARN_UNGUARDED_AVAILABILITY = YES_AGGRESSIVE;
				CLANG_WARN_UNREACHABLE_CODE = YES;
				CLANG_WARN__DUPLICATE_METHOD_MATCH = YES;
				CODE_SIGN_IDENTITY = "iPhone Developer";
				COPY_PHASE_STRIP = NO;
				DEBUG_INFORMATION_FORMAT = "dwarf-with-dsym";
				ENABLE_NS_ASSERTIONS = NO;
				ENABLE_STRICT_OBJC_MSGSEND = YES;
				GCC_C_LANGUAGE_STANDARD = gnu11;
				GCC_NO_COMMON_BLOCKS = YES;
				GCC_WARN_64_TO_32_BIT_CONVERSION = YES;
				GCC_WARN_ABOUT_RETURN_TYPE = YES_ERROR;
				GCC_WARN_UNDECLARED_SELECTOR = YES;
				GCC_WARN_UNINITIALIZED_AUTOS = YES_AGGRESSIVE;
				GCC_WARN_UNUSED_FUNCTION = YES;
				GCC_WARN_UNUSED_VARIABLE = YES;
				IPHONEOS_DEPLOYMENT_TARGET = 12.4;
				MTL_ENABLE_DEBUG_INFO = NO;
				MTL_FAST_MATH = YES;
				SDKROOT = iphoneos;
				SWIFT_COMPILATION_MODE = wholemodule;
				SWIFT_OPTIMIZATION_LEVEL = "-O";
				VALIDATE_PRODUCT = YES;
			};
			name = Release;
		};
		DF16079423187148005ED710 /* Debug */ = {
			isa = XCBuildConfiguration;
			buildSettings = {
				ASSETCATALOG_COMPILER_APPICON_NAME = AppIcon;
				CODE_SIGN_STYLE = Automatic;
				INFOPLIST_FILE = UnitTestingLab/Info.plist;
				LD_RUNPATH_SEARCH_PATHS = (
					"$(inherited)",
					"@executable_path/Frameworks",
				);
				PRODUCT_BUNDLE_IDENTIFIER = esw.UnitTestingLab;
				PRODUCT_NAME = "$(TARGET_NAME)";
				SWIFT_VERSION = 5.0;
				TARGETED_DEVICE_FAMILY = "1,2";
			};
			name = Debug;
		};
		DF16079523187148005ED710 /* Release */ = {
			isa = XCBuildConfiguration;
			buildSettings = {
				ASSETCATALOG_COMPILER_APPICON_NAME = AppIcon;
				CODE_SIGN_STYLE = Automatic;
				INFOPLIST_FILE = UnitTestingLab/Info.plist;
				LD_RUNPATH_SEARCH_PATHS = (
					"$(inherited)",
					"@executable_path/Frameworks",
				);
				PRODUCT_BUNDLE_IDENTIFIER = esw.UnitTestingLab;
				PRODUCT_NAME = "$(TARGET_NAME)";
				SWIFT_VERSION = 5.0;
				TARGETED_DEVICE_FAMILY = "1,2";
			};
			name = Release;
		};
		DF16079723187148005ED710 /* Debug */ = {
			isa = XCBuildConfiguration;
			buildSettings = {
				ALWAYS_EMBED_SWIFT_STANDARD_LIBRARIES = YES;
				BUNDLE_LOADER = "$(TEST_HOST)";
				CODE_SIGN_STYLE = Automatic;
				INFOPLIST_FILE = UnitTestingLabTests/Info.plist;
				LD_RUNPATH_SEARCH_PATHS = (
					"$(inherited)",
					"@executable_path/Frameworks",
					"@loader_path/Frameworks",
				);
				PRODUCT_BUNDLE_IDENTIFIER = esw.UnitTestingLabTests;
				PRODUCT_NAME = "$(TARGET_NAME)";
				SWIFT_VERSION = 5.0;
				TARGETED_DEVICE_FAMILY = "1,2";
				TEST_HOST = "$(BUILT_PRODUCTS_DIR)/UnitTestingLab.app/UnitTestingLab";
			};
			name = Debug;
		};
		DF16079823187148005ED710 /* Release */ = {
			isa = XCBuildConfiguration;
			buildSettings = {
				ALWAYS_EMBED_SWIFT_STANDARD_LIBRARIES = YES;
				BUNDLE_LOADER = "$(TEST_HOST)";
				CODE_SIGN_STYLE = Automatic;
				INFOPLIST_FILE = UnitTestingLabTests/Info.plist;
				LD_RUNPATH_SEARCH_PATHS = (
					"$(inherited)",
					"@executable_path/Frameworks",
					"@loader_path/Frameworks",
				);
				PRODUCT_BUNDLE_IDENTIFIER = esw.UnitTestingLabTests;
				PRODUCT_NAME = "$(TARGET_NAME)";
				SWIFT_VERSION = 5.0;
				TARGETED_DEVICE_FAMILY = "1,2";
				TEST_HOST = "$(BUILT_PRODUCTS_DIR)/UnitTestingLab.app/UnitTestingLab";
			};
			name = Release;
		};
/* End XCBuildConfiguration section */

/* Begin XCConfigurationList section */
		DF16077123187147005ED710 /* Build configuration list for PBXProject "UnitTestingLab" */ = {
			isa = XCConfigurationList;
			buildConfigurations = (
				DF16079123187148005ED710 /* Debug */,
				DF16079223187148005ED710 /* Release */,
			);
			defaultConfigurationIsVisible = 0;
			defaultConfigurationName = Release;
		};
		DF16079323187148005ED710 /* Build configuration list for PBXNativeTarget "UnitTestingLab" */ = {
			isa = XCConfigurationList;
			buildConfigurations = (
				DF16079423187148005ED710 /* Debug */,
				DF16079523187148005ED710 /* Release */,
			);
			defaultConfigurationIsVisible = 0;
			defaultConfigurationName = Release;
		};
		DF16079623187148005ED710 /* Build configuration list for PBXNativeTarget "UnitTestingLabTests" */ = {
			isa = XCConfigurationList;
			buildConfigurations = (
				DF16079723187148005ED710 /* Debug */,
				DF16079823187148005ED710 /* Release */,
			);
			defaultConfigurationIsVisible = 0;
			defaultConfigurationName = Release;
		};
/* End XCConfigurationList section */
	};
	rootObject = DF16076E23187147005ED710 /* Project object */;
}
